
Microsoft Visual Studio Solution File, Format Version 12.00
# Visual Studio 14
VisualStudioVersion = 14.0.23107.0
MinimumVisualStudioVersion = 10.0.40219.1
Project("{FAE04EC0-301F-11D3-BF4B-00C04F79EFBC}") = "SqlServerSpatialTypes.Toolkit.DebuggerVisualizer.VS2015", "..\SqlServerSpatialTypes.Toolkit.DebuggerVisualizer.VS2015\SqlServerSpatialTypes.Toolkit.DebuggerVisualizer.VS2015.csproj", "{C41C00C9-4A5B-451B-BF09-0EE5F8499B75}"
EndProject
Project("{FAE04EC0-301F-11D3-BF4B-00C04F79EFBC}") = "SqlServerSpatialTypes.Toolkit.EntityFramework", "..\SqlServerSpatialTypes.Toolkit.EntityFramework\SqlServerSpatialTypes.Toolkit.EntityFramework.csproj", "{78798C76-D448-4720-9B3C-F8C83E674D6B}"
EndProject
Global
	GlobalSection(SolutionConfigurationPlatforms) = preSolution
		Debug|Any CPU = Debug|Any CPU
		Release|Any CPU = Release|Any CPU
	EndGlobalSection
	GlobalSection(ProjectConfigurationPlatforms) = postSolution
		{C41C00C9-4A5B-451B-BF09-0EE5F8499B75}.Debug|Any CPU.ActiveCfg = Debug|Any CPU
		{C41C00C9-4A5B-451B-BF09-0EE5F8499B75}.Debug|Any CPU.Build.0 = Debug|Any CPU
		{C41C00C9-4A5B-451B-BF09-0EE5F8499B75}.Release|Any CPU.ActiveCfg = Release|Any CPU
		{C41C00C9-4A5B-451B-BF09-0EE5F8499B75}.Release|Any CPU.Build.0 = Release|Any CPU
		{78798C76-D448-4720-9B3C-F8C83E674D6B}.Debug|Any CPU.ActiveCfg = Debug|Any CPU
		{78798C76-D448-4720-9B3C-F8C83E674D6B}.Debug|Any CPU.Build.0 = Debug|Any CPU
		{78798C76-D448-4720-9B3C-F8C83E674D6B}.Release|Any CPU.ActiveCfg = Release|Any CPU
		{78798C76-D448-4720-9B3C-F8C83E674D6B}.Release|Any CPU.Build.0 = Release|Any CPU
	EndGlobalSection
	GlobalSection(SolutionProperties) = preSolution
		HideSolutionNode = FALSE
	EndGlobalSection
EndGlobal
